// !$*UTF8*$!
{
	archiveVersion = 1;
	classes = {
	};
	objectVersion = 48;
	objects = {

/* Begin PBXBuildFile section */
		181CAA25202DF126002299E1 /* AppDelegate.swift in Sources */ = {isa = PBXBuildFile; fileRef = 181CAA24202DF126002299E1 /* AppDelegate.swift */; };
		181CAA27202DF126002299E1 /* CategoriesTableViewController.swift in Sources */ = {isa = PBXBuildFile; fileRef = 181CAA26202DF126002299E1 /* CategoriesTableViewController.swift */; };
		181CAA2A202DF126002299E1 /* Main.storyboard in Resources */ = {isa = PBXBuildFile; fileRef = 181CAA28202DF126002299E1 /* Main.storyboard */; };
		181CAA2C202DF126002299E1 /* Assets.xcassets in Resources */ = {isa = PBXBuildFile; fileRef = 181CAA2B202DF126002299E1 /* Assets.xcassets */; };
		181CAA2F202DF126002299E1 /* LaunchScreen.storyboard in Resources */ = {isa = PBXBuildFile; fileRef = 181CAA2D202DF126002299E1 /* LaunchScreen.storyboard */; };
		181CAA3A202DF26B002299E1 /* DetailTableViewController.swift in Sources */ = {isa = PBXBuildFile; fileRef = 181CAA39202DF26B002299E1 /* DetailTableViewController.swift */; };
		181CAA3C202DF98D002299E1 /* SwipeTableViewController.swift in Sources */ = {isa = PBXBuildFile; fileRef = 181CAA3B202DF98D002299E1 /* SwipeTableViewController.swift */; };
		181CAA3E202DFEDB002299E1 /* Section.swift in Sources */ = {isa = PBXBuildFile; fileRef = 181CAA3D202DFEDB002299E1 /* Section.swift */; };
		181CAA41202E011E002299E1 /* Entry.swift in Sources */ = {isa = PBXBuildFile; fileRef = 181CAA40202E011E002299E1 /* Entry.swift */; };
		C76A0E42595AC226C19414D4 /* Pods_iPlan.framework in Frameworks */ = {isa = PBXBuildFile; fileRef = 68E21B1B6B10034460AF3DF6 /* Pods_iPlan.framework */; };
/* End PBXBuildFile section */

/* Begin PBXFileReference section */
		181CAA21202DF126002299E1 /* iPlan.app */ = {isa = PBXFileReference; explicitFileType = wrapper.application; includeInIndex = 0; path = iPlan.app; sourceTree = BUILT_PRODUCTS_DIR; };
		181CAA24202DF126002299E1 /* AppDelegate.swift */ = {isa = PBXFileReference; lastKnownFileType = sourcecode.swift; path = AppDelegate.swift; sourceTree = "<group>"; };
		181CAA26202DF126002299E1 /* CategoriesTableViewController.swift */ = {isa = PBXFileReference; lastKnownFileType = sourcecode.swift; path = CategoriesTableViewController.swift; sourceTree = "<group>"; };
		181CAA29202DF126002299E1 /* Base */ = {isa = PBXFileReference; lastKnownFileType = file.storyboard; name = Base; path = Base.lproj/Main.storyboard; sourceTree = "<group>"; };
		181CAA2B202DF126002299E1 /* Assets.xcassets */ = {isa = PBXFileReference; lastKnownFileType = folder.assetcatalog; path = Assets.xcassets; sourceTree = "<group>"; };
		181CAA2E202DF126002299E1 /* Base */ = {isa = PBXFileReference; lastKnownFileType = file.storyboard; name = Base; path = Base.lproj/LaunchScreen.storyboard; sourceTree = "<group>"; };
		181CAA30202DF126002299E1 /* Info.plist */ = {isa = PBXFileReference; lastKnownFileType = text.plist.xml; path = Info.plist; sourceTree = "<group>"; };
		181CAA39202DF26B002299E1 /* DetailTableViewController.swift */ = {isa = PBXFileReference; lastKnownFileType = sourcecode.swift; path = DetailTableViewController.swift; sourceTree = "<group>"; };
		181CAA3B202DF98D002299E1 /* SwipeTableViewController.swift */ = {isa = PBXFileReference; lastKnownFileType = sourcecode.swift; path = SwipeTableViewController.swift; sourceTree = "<group>"; };
		181CAA3D202DFEDB002299E1 /* Section.swift */ = {isa = PBXFileReference; lastKnownFileType = sourcecode.swift; path = Section.swift; sourceTree = "<group>"; };
		181CAA40202E011E002299E1 /* Entry.swift */ = {isa = PBXFileReference; lastKnownFileType = sourcecode.swift; path = Entry.swift; sourceTree = "<group>"; };
		68E21B1B6B10034460AF3DF6 /* Pods_iPlan.framework */ = {isa = PBXFileReference; explicitFileType = wrapper.framework; includeInIndex = 0; path = Pods_iPlan.framework; sourceTree = BUILT_PRODUCTS_DIR; };
		8A18C0007492646B0F060551 /* Pods-iPlan.debug.xcconfig */ = {isa = PBXFileReference; includeInIndex = 1; lastKnownFileType = text.xcconfig; name = "Pods-iPlan.debug.xcconfig"; path = "Pods/Target Support Files/Pods-iPlan/Pods-iPlan.debug.xcconfig"; sourceTree = "<group>"; };
		EB9811D47B5F8182DEF992B5 /* Pods-iPlan.release.xcconfig */ = {isa = PBXFileReference; includeInIndex = 1; lastKnownFileType = text.xcconfig; name = "Pods-iPlan.release.xcconfig"; path = "Pods/Target Support Files/Pods-iPlan/Pods-iPlan.release.xcconfig"; sourceTree = "<group>"; };
/* End PBXFileReference section */

/* Begin PBXFrameworksBuildPhase section */
		181CAA1E202DF126002299E1 /* Frameworks */ = {
			isa = PBXFrameworksBuildPhase;
			buildActionMask = 2147483647;
			files = (
				C76A0E42595AC226C19414D4 /* Pods_iPlan.framework in Frameworks */,
			);
			runOnlyForDeploymentPostprocessing = 0;
		};
/* End PBXFrameworksBuildPhase section */

/* Begin PBXGroup section */
		181CAA18202DF126002299E1 = {
			isa = PBXGroup;
			children = (
				181CAA23202DF126002299E1 /* iPlan */,
				181CAA22202DF126002299E1 /* Products */,
				7DBEDA4F2C3021CD4F7FD79B /* Pods */,
				F720D3CB36A5D47903719532 /* Frameworks */,
			);
			sourceTree = "<group>";
		};
		181CAA22202DF126002299E1 /* Products */ = {
			isa = PBXGroup;
			children = (
				181CAA21202DF126002299E1 /* iPlan.app */,
			);
			name = Products;
			sourceTree = "<group>";
		};
		181CAA23202DF126002299E1 /* iPlan */ = {
			isa = PBXGroup;
			children = (
				181CAA3F202DFEE9002299E1 /* Model */,
				181CAA37202DF140002299E1 /* View Controller */,
				181CAA36202DF13B002299E1 /* View */,
				181CAA38202DF155002299E1 /* Supporting Files */,
				181CAA30202DF126002299E1 /* Info.plist */,
			);
			path = iPlan;
			sourceTree = "<group>";
		};
		181CAA36202DF13B002299E1 /* View */ = {
			isa = PBXGroup;
			children = (
				181CAA28202DF126002299E1 /* Main.storyboard */,
			);
			path = View;
			sourceTree = "<group>";
		};
		181CAA37202DF140002299E1 /* View Controller */ = {
			isa = PBXGroup;
			children = (
				181CAA3B202DF98D002299E1 /* SwipeTableViewController.swift */,
				181CAA26202DF126002299E1 /* CategoriesTableViewController.swift */,
				181CAA39202DF26B002299E1 /* DetailTableViewController.swift */,
			);
			path = "View Controller";
			sourceTree = "<group>";
		};
		181CAA38202DF155002299E1 /* Supporting Files */ = {
			isa = PBXGroup;
			children = (
				181CAA2B202DF126002299E1 /* Assets.xcassets */,
				181CAA24202DF126002299E1 /* AppDelegate.swift */,
				181CAA2D202DF126002299E1 /* LaunchScreen.storyboard */,
			);
			path = "Supporting Files";
			sourceTree = "<group>";
		};
		181CAA3F202DFEE9002299E1 /* Model */ = {
			isa = PBXGroup;
			children = (
				181CAA3D202DFEDB002299E1 /* Section.swift */,
				181CAA40202E011E002299E1 /* Entry.swift */,
			);
			path = Model;
			sourceTree = "<group>";
		};
		7DBEDA4F2C3021CD4F7FD79B /* Pods */ = {
			isa = PBXGroup;
			children = (
				8A18C0007492646B0F060551 /* Pods-iPlan.debug.xcconfig */,
				EB9811D47B5F8182DEF992B5 /* Pods-iPlan.release.xcconfig */,
			);
			name = Pods;
			sourceTree = "<group>";
		};
		F720D3CB36A5D47903719532 /* Frameworks */ = {
			isa = PBXGroup;
			children = (
				68E21B1B6B10034460AF3DF6 /* Pods_iPlan.framework */,
			);
			name = Frameworks;
			sourceTree = "<group>";
		};
/* End PBXGroup section */

/* Begin PBXNativeTarget section */
		181CAA20202DF126002299E1 /* iPlan */ = {
			isa = PBXNativeTarget;
			buildConfigurationList = 181CAA33202DF126002299E1 /* Build configuration list for PBXNativeTarget "iPlan" */;
			buildPhases = (
				E07EE7E0B1B0394F9FB351EC /* [CP] Check Pods Manifest.lock */,
				181CAA1D202DF126002299E1 /* Sources */,
				181CAA1E202DF126002299E1 /* Frameworks */,
				181CAA1F202DF126002299E1 /* Resources */,
				9D826CD52B85C536376EB34A /* [CP] Embed Pods Frameworks */,
				71D2D01EE1635315D4AA72E7 /* [CP] Copy Pods Resources */,
			);
			buildRules = (
			);
			dependencies = (
			);
			name = iPlan;
			productName = iPlan;
			productReference = 181CAA21202DF126002299E1 /* iPlan.app */;
			productType = "com.apple.product-type.application";
		};
/* End PBXNativeTarget section */

/* Begin PBXProject section */
		181CAA19202DF126002299E1 /* Project object */ = {
			isa = PBXProject;
			attributes = {
				LastSwiftUpdateCheck = 0920;
				LastUpgradeCheck = 0920;
				ORGANIZATIONNAME = "Simone Grant";
				TargetAttributes = {
					181CAA20202DF126002299E1 = {
						CreatedOnToolsVersion = 9.2;
						ProvisioningStyle = Automatic;
					};
				};
			};
			buildConfigurationList = 181CAA1C202DF126002299E1 /* Build configuration list for PBXProject "iPlan" */;
			compatibilityVersion = "Xcode 8.0";
			developmentRegion = en;
			hasScannedForEncodings = 0;
			knownRegions = (
				en,
				Base,
			);
			mainGroup = 181CAA18202DF126002299E1;
			productRefGroup = 181CAA22202DF126002299E1 /* Products */;
			projectDirPath = "";
			projectRoot = "";
			targets = (
				181CAA20202DF126002299E1 /* iPlan */,
			);
		};
/* End PBXProject section */

/* Begin PBXResourcesBuildPhase section */
		181CAA1F202DF126002299E1 /* Resources */ = {
			isa = PBXResourcesBuildPhase;
			buildActionMask = 2147483647;
			files = (
				181CAA2F202DF126002299E1 /* LaunchScreen.storyboard in Resources */,
				181CAA2C202DF126002299E1 /* Assets.xcassets in Resources */,
				181CAA2A202DF126002299E1 /* Main.storyboard in Resources */,
			);
			runOnlyForDeploymentPostprocessing = 0;
		};
/* End PBXResourcesBuildPhase section */

/* Begin PBXShellScriptBuildPhase section */
		71D2D01EE1635315D4AA72E7 /* [CP] Copy Pods Resources */ = {
			isa = PBXShellScriptBuildPhase;
			buildActionMask = 2147483647;
			files = (
			);
			inputPaths = (
			);
			name = "[CP] Copy Pods Resources";
			outputPaths = (
			);
			runOnlyForDeploymentPostprocessing = 0;
			shellPath = /bin/sh;
			shellScript = "\"${SRCROOT}/Pods/Target Support Files/Pods-iPlan/Pods-iPlan-resources.sh\"\n";
			showEnvVarsInLog = 0;
		};
		9D826CD52B85C536376EB34A /* [CP] Embed Pods Frameworks */ = {
			isa = PBXShellScriptBuildPhase;
			buildActionMask = 2147483647;
			files = (
			);
			inputPaths = (
				"${SRCROOT}/Pods/Target Support Files/Pods-iPlan/Pods-iPlan-frameworks.sh",
				"${BUILT_PRODUCTS_DIR}/ChameleonFramework/ChameleonFramework.framework",
				"${BUILT_PRODUCTS_DIR}/Realm/Realm.framework",
				"${BUILT_PRODUCTS_DIR}/RealmSwift/RealmSwift.framework",
				"${BUILT_PRODUCTS_DIR}/SwipeCellKit/SwipeCellKit.framework",
			);
			name = "[CP] Embed Pods Frameworks";
			outputPaths = (
				"${TARGET_BUILD_DIR}/${FRAMEWORKS_FOLDER_PATH}/ChameleonFramework.framework",
				"${TARGET_BUILD_DIR}/${FRAMEWORKS_FOLDER_PATH}/Realm.framework",
				"${TARGET_BUILD_DIR}/${FRAMEWORKS_FOLDER_PATH}/RealmSwift.framework",
				"${TARGET_BUILD_DIR}/${FRAMEWORKS_FOLDER_PATH}/SwipeCellKit.framework",
			);
			runOnlyForDeploymentPostprocessing = 0;
			shellPath = /bin/sh;
			shellScript = "\"${SRCROOT}/Pods/Target Support Files/Pods-iPlan/Pods-iPlan-frameworks.sh\"\n";
			showEnvVarsInLog = 0;
		};
		E07EE7E0B1B0394F9FB351EC /* [CP] Check Pods Manifest.lock */ = {
			isa = PBXShellScriptBuildPhase;
			buildActionMask = 2147483647;
			files = (
			);
			inputPaths = (
				"${PODS_PODFILE_DIR_PATH}/Podfile.lock",
				"${PODS_ROOT}/Manifest.lock",
			);
			name = "[CP] Check Pods Manifest.lock";
			outputPaths = (
				"$(DERIVED_FILE_DIR)/Pods-iPlan-checkManifestLockResult.txt",
			);
			runOnlyForDeploymentPostprocessing = 0;
			shellPath = /bin/sh;
			shellScript = "diff \"${PODS_PODFILE_DIR_PATH}/Podfile.lock\" \"${PODS_ROOT}/Manifest.lock\" > /dev/null\nif [ $? != 0 ] ; then\n    # print error to STDERR\n    echo \"error: The sandbox is not in sync with the Podfile.lock. Run 'pod install' or update your CocoaPods installation.\" >&2\n    exit 1\nfi\n# This output is used by Xcode 'outputs' to avoid re-running this script phase.\necho \"SUCCESS\" > \"${SCRIPT_OUTPUT_FILE_0}\"\n";
			showEnvVarsInLog = 0;
		};
/* End PBXShellScriptBuildPhase section */

/* Begin PBXSourcesBuildPhase section */
		181CAA1D202DF126002299E1 /* Sources */ = {
			isa = PBXSourcesBuildPhase;
			buildActionMask = 2147483647;
			files = (
				181CAA41202E011E002299E1 /* Entry.swift in Sources */,
				181CAA3C202DF98D002299E1 /* SwipeTableViewController.swift in Sources */,
				181CAA3E202DFEDB002299E1 /* Section.swift in Sources */,
				181CAA3A202DF26B002299E1 /* DetailTableViewController.swift in Sources */,
				181CAA27202DF126002299E1 /* CategoriesTableViewController.swift in Sources */,
				181CAA25202DF126002299E1 /* AppDelegate.swift in Sources */,
			);
			runOnlyForDeploymentPostprocessing = 0;
		};
/* End PBXSourcesBuildPhase section */

/* Begin PBXVariantGroup section */
		181CAA28202DF126002299E1 /* Main.storyboard */ = {
			isa = PBXVariantGroup;
			children = (
				181CAA29202DF126002299E1 /* Base */,
			);
			name = Main.storyboard;
			sourceTree = "<group>";
		};
		181CAA2D202DF126002299E1 /* LaunchScreen.storyboard */ = {
			isa = PBXVariantGroup;
			children = (
				181CAA2E202DF126002299E1 /* Base */,
			);
			name = LaunchScreen.storyboard;
			sourceTree = "<group>";
		};
/* End PBXVariantGroup section */

/* Begin XCBuildConfiguration section */
		181CAA31202DF126002299E1 /* Debug */ = {
			isa = XCBuildConfiguration;
			buildSettings = {
				ALWAYS_SEARCH_USER_PATHS = NO;
				CLANG_ANALYZER_NONNULL = YES;
				CLANG_ANALYZER_NUMBER_OBJECT_CONVERSION = YES_AGGRESSIVE;
				CLANG_CXX_LANGUAGE_STANDARD = "gnu++14";
				CLANG_CXX_LIBRARY = "libc++";
				CLANG_ENABLE_MODULES = YES;
				CLANG_ENABLE_OBJC_ARC = YES;
				CLANG_WARN_BLOCK_CAPTURE_AUTORELEASING = YES;
				CLANG_WARN_BOOL_CONVERSION = YES;
				CLANG_WARN_COMMA = YES;
				CLANG_WARN_CONSTANT_CONVERSION = YES;
				CLANG_WARN_DIRECT_OBJC_ISA_USAGE = YES_ERROR;
				CLANG_WARN_DOCUMENTATION_COMMENTS = YES;
				CLANG_WARN_EMPTY_BODY = YES;
				CLANG_WARN_ENUM_CONVERSION = YES;
				CLANG_WARN_INFINITE_RECURSION = YES;
				CLANG_WARN_INT_CONVERSION = YES;
				CLANG_WARN_NON_LITERAL_NULL_CONVERSION = YES;
				CLANG_WARN_OBJC_LITERAL_CONVERSION = YES;
				CLANG_WARN_OBJC_ROOT_CLASS = YES_ERROR;
				CLANG_WARN_RANGE_LOOP_ANALYSIS = YES;
				CLANG_WARN_STRICT_PROTOTYPES = YES;
				CLANG_WARN_SUSPICIOUS_MOVE = YES;
				CLANG_WARN_UNGUARDED_AVAILABILITY = YES_AGGRESSIVE;
				CLANG_WARN_UNREACHABLE_CODE = YES;
				CLANG_WARN__DUPLICATE_METHOD_MATCH = YES;
				CODE_SIGN_IDENTITY = "iPhone Developer";
				COPY_PHASE_STRIP = NO;
				DEBUG_INFORMATION_FORMAT = dwarf;
				ENABLE_STRICT_OBJC_MSGSEND = YES;
				ENABLE_TESTABILITY = YES;
				GCC_C_LANGUAGE_STANDARD = gnu11;
				GCC_DYNAMIC_NO_PIC = NO;
				GCC_NO_COMMON_BLOCKS = YES;
				GCC_OPTIMIZATION_LEVEL = 0;
				GCC_PREPROCESSOR_DEFINITIONS = (
					"DEBUG=1",
					"$(inherited)",
				);
				GCC_WARN_64_TO_32_BIT_CONVERSION = YES;
				GCC_WARN_ABOUT_RETURN_TYPE = YES_ERROR;
				GCC_WARN_UNDECLARED_SELECTOR = YES;
				GCC_WARN_UNINITIALIZED_AUTOS = YES_AGGRESSIVE;
				GCC_WARN_UNUSED_FUNCTION = YES;
				GCC_WARN_UNUSED_VARIABLE = YES;
				IPHONEOS_DEPLOYMENT_TARGET = 11.2;
				MTL_ENABLE_DEBUG_INFO = YES;
				ONLY_ACTIVE_ARCH = YES;
				SDKROOT = iphoneos;
				SWIFT_ACTIVE_COMPILATION_CONDITIONS = DEBUG;
				SWIFT_OPTIMIZATION_LEVEL = "-Onone";
			};
			name = Debug;
		};
		181CAA32202DF126002299E1 /* Release */ = {
			isa = XCBuildConfiguration;
			buildSettings = {
				ALWAYS_SEARCH_USER_PATHS = NO;
				CLANG_ANALYZER_NONNULL = YES;
				CLANG_ANALYZER_NUMBER_OBJECT_CONVERSION = YES_AGGRESSIVE;
				CLANG_CXX_LANGUAGE_STANDARD = "gnu++14";
				CLANG_CXX_LIBRARY = "libc++";
				CLANG_ENABLE_MODULES = YES;
				CLANG_ENABLE_OBJC_ARC = YES;
				CLANG_WARN_BLOCK_CAPTURE_AUTORELEASING = YES;
				CLANG_WARN_BOOL_CONVERSION = YES;
				CLANG_WARN_COMMA = YES;
				CLANG_WARN_CONSTANT_CONVERSION = YES;
				CLANG_WARN_DIRECT_OBJC_ISA_USAGE = YES_ERROR;
				CLANG_WARN_DOCUMENTATION_COMMENTS = YES;
				CLANG_WARN_EMPTY_BODY = YES;
				CLANG_WARN_ENUM_CONVERSION = YES;
				CLANG_WARN_INFINITE_RECURSION = YES;
				CLANG_WARN_INT_CONVERSION = YES;
				CLANG_WARN_NON_LITERAL_NULL_CONVERSION = YES;
				CLANG_WARN_OBJC_LITERAL_CONVERSION = YES;
				CLANG_WARN_OBJC_ROOT_CLASS = YES_ERROR;
				CLANG_WARN_RANGE_LOOP_ANALYSIS = YES;
				CLANG_WARN_STRICT_PROTOTYPES = YES;
				CLANG_WARN_SUSPICIOUS_MOVE = YES;
				CLANG_WARN_UNGUARDED_AVAILABILITY = YES_AGGRESSIVE;
				CLANG_WARN_UNREACHABLE_CODE = YES;
				CLANG_WARN__DUPLICATE_METHOD_MATCH = YES;
				CODE_SIGN_IDENTITY = "iPhone Developer";
				COPY_PHASE_STRIP = NO;
				DEBUG_INFORMATION_FORMAT = "dwarf-with-dsym";
				ENABLE_NS_ASSERTIONS = NO;
				ENABLE_STRICT_OBJC_MSGSEND = YES;
				GCC_C_LANGUAGE_STANDARD = gnu11;
				GCC_NO_COMMON_BLOCKS = YES;
				GCC_WARN_64_TO_32_BIT_CONVERSION = YES;
				GCC_WARN_ABOUT_RETURN_TYPE = YES_ERROR;
				GCC_WARN_UNDECLARED_SELECTOR = YES;
				GCC_WARN_UNINITIALIZED_AUTOS = YES_AGGRESSIVE;
				GCC_WARN_UNUSED_FUNCTION = YES;
				GCC_WARN_UNUSED_VARIABLE = YES;
				IPHONEOS_DEPLOYMENT_TARGET = 11.2;
				MTL_ENABLE_DEBUG_INFO = NO;
				SDKROOT = iphoneos;
				SWIFT_OPTIMIZATION_LEVEL = "-Owholemodule";
				VALIDATE_PRODUCT = YES;
			};
			name = Release;
		};
		181CAA34202DF126002299E1 /* Debug */ = {
			isa = XCBuildConfiguration;
			baseConfigurationReference = 8A18C0007492646B0F060551 /* Pods-iPlan.debug.xcconfig */;
			buildSettings = {
				ASSETCATALOG_COMPILER_APPICON_NAME = AppIcon;
				CODE_SIGN_STYLE = Automatic;
				DEVELOPMENT_TEAM = F7845S24LY;
				INFOPLIST_FILE = iPlan/Info.plist;
				LD_RUNPATH_SEARCH_PATHS = "$(inherited) @executable_path/Frameworks";
				PRODUCT_BUNDLE_IDENTIFIER = Simone.iPlan;
				PRODUCT_NAME = "$(TARGET_NAME)";
				SWIFT_VERSION = 4.0;
				TARGETED_DEVICE_FAMILY = "1,2";
			};
			name = Debug;
		};
		181CAA35202DF126002299E1 /* Release */ = {
			isa = XCBuildConfiguration;
			baseConfigurationReference = EB9811D47B5F8182DEF992B5 /* Pods-iPlan.release.xcconfig */;
			buildSettings = {
				ASSETCATALOG_COMPILER_APPICON_NAME = AppIcon;
				CODE_SIGN_STYLE = Automatic;
				DEVELOPMENT_TEAM = F7845S24LY;
				INFOPLIST_FILE = iPlan/Info.plist;
				LD_RUNPATH_SEARCH_PATHS = "$(inherited) @executable_path/Frameworks";
				PRODUCT_BUNDLE_IDENTIFIER = Simone.iPlan;
				PRODUCT_NAME = "$(TARGET_NAME)";
				SWIFT_VERSION = 4.0;
				TARGETED_DEVICE_FAMILY = "1,2";
			};
			name = Release;
		};
/* End XCBuildConfiguration section */

/* Begin XCConfigurationList section */
		181CAA1C202DF126002299E1 /* Build configuration list for PBXProject "iPlan" */ = {
			isa = XCConfigurationList;
			buildConfigurations = (
				181CAA31202DF126002299E1 /* Debug */,
				181CAA32202DF126002299E1 /* Release */,
			);
			defaultConfigurationIsVisible = 0;
			defaultConfigurationName = Release;
		};
		181CAA33202DF126002299E1 /* Build configuration list for PBXNativeTarget "iPlan" */ = {
			isa = XCConfigurationList;
			buildConfigurations = (
				181CAA34202DF126002299E1 /* Debug */,
				181CAA35202DF126002299E1 /* Release */,
			);
			defaultConfigurationIsVisible = 0;
			defaultConfigurationName = Release;
		};
/* End XCConfigurationList section */
	};
	rootObject = 181CAA19202DF126002299E1 /* Project object */;
}
